<?xml version="1.0" encoding="utf-8"?>
<Project ToolsVersion="4.0" xmlns="http://schemas.microsoft.com/developer/msbuild/2003">
  <ItemGroup>
    <Filter Include="Resource Files">
      <UniqueIdentifier>{D9D6E242-F8AF-46E4-B9FD-80ECBC20BA3E}</UniqueIdentifier>
      <Extensions>qrc;*</Extensions>
      <ParseFiles>false</ParseFiles>
    </Filter>
    <Filter Include="Generated Files">
      <UniqueIdentifier>{71ED8ED8-ACB9-4CE9-BBE1-E00B30144E11}</UniqueIdentifier>
      <Extensions>moc;h;cpp</Extensions>
      <SourceControlFiles>False</SourceControlFiles>
    </Filter>
    <Filter Include="Generated Files\Debug">
      <UniqueIdentifier>{f1e90b12-5f79-4e86-9b7a-0784dc727ae9}</UniqueIdentifier>
      <Extensions>cpp;moc</Extensions>
      <SourceControlFiles>False</SourceControlFiles>
    </Filter>
    <Filter Include="Generated Files\Release">
      <UniqueIdentifier>{20cf383b-9872-44ee-8c08-9a0fb5da1a9e}</UniqueIdentifier>
      <Extensions>cpp;moc</Extensions>
      <SourceControlFiles>False</SourceControlFiles>
    </Filter>
    <Filter Include="导演">
      <UniqueIdentifier>{5f5a18bc-388f-444f-8d64-8b6952caebb7}</UniqueIdentifier>
    </Filter>
    <Filter Include="游戏主窗口">
      <UniqueIdentifier>{ec51a15c-18a8-4162-9bde-15c2e5dc5735}</UniqueIdentifier>
    </Filter>
    <Filter Include="场景">
      <UniqueIdentifier>{18b0f9f9-2188-4e79-91e5-8ad516b7de4c}</UniqueIdentifier>
    </Filter>
    <Filter Include="场景\游戏主场景">
      <UniqueIdentifier>{7f60b62d-8ea7-45d9-9ad6-4a70036932ec}</UniqueIdentifier>
    </Filter>
    <Filter Include="场景\开始场景">
      <UniqueIdentifier>{3eef16ab-a983-4b4c-8e86-4036f4da2cb0}</UniqueIdentifier>
    </Filter>
    <Filter Include="场景\难度选择场景">
      <UniqueIdentifier>{fdd96044-ff16-4253-a9f9-25e705b96deb}</UniqueIdentifier>
    </Filter>
    <Filter Include="场景\最高分场景">
      <UniqueIdentifier>{3f2cbf52-c2ec-410d-a781-881e5a044c68}</UniqueIdentifier>
    </Filter>
    <Filter Include="设置">
      <UniqueIdentifier>{0a7be047-75fa-4e72-8494-4263e62d69d9}</UniqueIdentifier>
    </Filter>
  </ItemGroup>
  <ItemGroup>
    <ClCompile Include="main.cpp" />
    <ClCompile Include="Director.cpp">
      <Filter>导演</Filter>
    </ClCompile>
    <ClCompile Include="GeneratedFiles\Debug\moc_Window.cpp">
      <Filter>Generated Files\Debug</Filter>
    </ClCompile>
    <ClCompile Include="GeneratedFiles\Release\moc_Window.cpp">
      <Filter>Generated Files\Release</Filter>
    </ClCompile>
    <ClCompile Include="Window.cpp">
      <Filter>游戏主窗口</Filter>
    </ClCompile>
    <ClCompile Include="GeneratedFiles\qrc_PlayBricks.cpp">
      <Filter>Generated Files</Filter>
    </ClCompile>
    <ClCompile Include="GeneratedFiles\Debug\moc_GameScene.cpp">
      <Filter>Generated Files\Debug</Filter>
    </ClCompile>
    <ClCompile Include="GeneratedFiles\Release\moc_GameScene.cpp">
      <Filter>Generated Files\Release</Filter>
    </ClCompile>
    <ClCompile Include="GameScene.cpp">
      <Filter>场景\游戏主场景</Filter>
    </ClCompile>
    <ClCompile Include="GeneratedFiles\Debug\moc_Scene.cpp">
      <Filter>Generated Files\Debug</Filter>
    </ClCompile>
    <ClCompile Include="GeneratedFiles\Release\moc_Scene.cpp">
      <Filter>Generated Files\Release</Filter>
    </ClCompile>
    <ClCompile Include="Scene.cpp">
      <Filter>场景</Filter>
    </ClCompile>
    <ClCompile Include="GeneratedFiles\Debug\moc_StartScene.cpp">
      <Filter>Generated Files\Debug</Filter>
    </ClCompile>
    <ClCompile Include="GeneratedFiles\Release\moc_StartScene.cpp">
      <Filter>Generated Files\Release</Filter>
    </ClCompile>
    <ClCompile Include="StartScene.cpp">
      <Filter>场景\开始场景</Filter>
    </ClCompile>
    <ClCompile Include="GeneratedFiles\Debug\moc_DifficultyChooseScene.cpp">
      <Filter>Generated Files\Debug</Filter>
    </ClCompile>
    <ClCompile Include="GeneratedFiles\Release\moc_DifficultyChooseScene.cpp">
      <Filter>Generated Files\Release</Filter>
    </ClCompile>
    <ClCompile Include="DifficultyChooseScene.cpp">
      <Filter>场景\难度选择场景</Filter>
    </ClCompile>
    <ClCompile Include="GeneratedFiles\Debug\moc_HighestScoreScene.cpp">
      <Filter>Generated Files\Debug</Filter>
    </ClCompile>
    <ClCompile Include="GeneratedFiles\Release\moc_HighestScoreScene.cpp">
      <Filter>Generated Files\Release</Filter>
    </ClCompile>
    <ClCompile Include="HighestScoreScene.cpp">
      <Filter>场景\最高分场景</Filter>
    </ClCompile>
    <ClCompile Include="Config.cpp">
      <Filter>设置</Filter>
    </ClCompile>
  </ItemGroup>
  <ItemGroup>
    <CustomBuild Include="Window.h">
      <Filter>游戏主窗口</Filter>
    </CustomBuild>
    <CustomBuild Include="PlayBricks.qrc">
      <Filter>Resource Files</Filter>
    </CustomBuild>
    <CustomBuild Include="GameScene.h">
      <Filter>场景\游戏主场景</Filter>
    </CustomBuild>
    <CustomBuild Include="Scene.h">
      <Filter>场景</Filter>
    </CustomBuild>
    <CustomBuild Include="StartScene.h">
      <Filter>场景\开始场景</Filter>
    </CustomBuild>
    <CustomBuild Include="DifficultyChooseScene.h">
      <Filter>场景\难度选择场景</Filter>
    </CustomBuild>
    <CustomBuild Include="HighestScoreScene.h">
      <Filter>场景\最高分场景</Filter>
    </CustomBuild>
  </ItemGroup>
  <ItemGroup>
    <ClInclude Include="Director.h">
      <Filter>导演</Filter>
    </ClInclude>
    <ClInclude Include="Config.h">
      <Filter>设置</Filter>
    </ClInclude>
  </ItemGroup>
</Project>